
Microsoft Visual Studio Solution File, Format Version 12.00
# Visual Studio Version 17
VisualStudioVersion = 17.3.32901.215
MinimumVisualStudioVersion = 10.0.40219.1
Project("{FAE04EC0-301F-11D3-BF4B-00C04F79EFBC}") = "Examen1_Progra3", "Examen1_Progra3\Examen1_Progra3.csproj", "{0763CC9A-2563-4BFC-908B-72053845B291}"
EndProject
Global
	GlobalSection(SolutionConfigurationPlatforms) = preSolution
		Debug|Any CPU = Debug|Any CPU
		Release|Any CPU = Release|Any CPU
	EndGlobalSection
	GlobalSection(ProjectConfigurationPlatforms) = postSolution
		{0763CC9A-2563-4BFC-908B-72053845B291}.Debug|Any CPU.ActiveCfg = Debug|Any CPU
		{0763CC9A-2563-4BFC-908B-72053845B291}.Debug|Any CPU.Build.0 = Debug|Any CPU
		{0763CC9A-2563-4BFC-908B-72053845B291}.Release|Any CPU.ActiveCfg = Release|Any CPU
		{0763CC9A-2563-4BFC-908B-72053845B291}.Release|Any CPU.Build.0 = Release|Any CPU
	EndGlobalSection
	GlobalSection(SolutionProperties) = preSolution
		HideSolutionNode = FALSE
	EndGlobalSection
	GlobalSection(ExtensibilityGlobals) = postSolution
		SolutionGuid = {23188713-115E-47FF-B53A-428CDC869A38}
	EndGlobalSection
EndGlobal
